
Microsoft Visual Studio Solution File, Format Version 12.00
# Visual Studio Version 17
VisualStudioVersion = 17.5.33530.505
MinimumVisualStudioVersion = 10.0.40219.1
Project("{FAE04EC0-301F-11D3-BF4B-00C04F79EFBC}") = "2Question", "2Question.csproj", "{09CA18BD-55C7-4508-A13F-7C38C9396585}"
EndProject
Global
	GlobalSection(SolutionConfigurationPlatforms) = preSolution
		Debug|Any CPU = Debug|Any CPU
		Release|Any CPU = Release|Any CPU
	EndGlobalSection
	GlobalSection(ProjectConfigurationPlatforms) = postSolution
		{09CA18BD-55C7-4508-A13F-7C38C9396585}.Debug|Any CPU.ActiveCfg = Debug|Any CPU
		{09CA18BD-55C7-4508-A13F-7C38C9396585}.Debug|Any CPU.Build.0 = Debug|Any CPU
		{09CA18BD-55C7-4508-A13F-7C38C9396585}.Release|Any CPU.ActiveCfg = Release|Any CPU
		{09CA18BD-55C7-4508-A13F-7C38C9396585}.Release|Any CPU.Build.0 = Release|Any CPU
	EndGlobalSection
	GlobalSection(SolutionProperties) = preSolution
		HideSolutionNode = FALSE
	EndGlobalSection
	GlobalSection(ExtensibilityGlobals) = postSolution
		SolutionGuid = {1F1B62F6-9ED5-481A-A23F-C3C2F55379EB}
	EndGlobalSection
EndGlobal
