
Microsoft Visual Studio Solution File, Format Version 12.00
# Visual Studio Version 17
VisualStudioVersion = 17.5.33530.505
MinimumVisualStudioVersion = 10.0.40219.1
Project("{FAE04EC0-301F-11D3-BF4B-00C04F79EFBC}") = "Question5", "Question5.csproj", "{A05AA937-DB84-4AC9-8B28-2590A0925098}"
EndProject
Global
	GlobalSection(SolutionConfigurationPlatforms) = preSolution
		Debug|Any CPU = Debug|Any CPU
		Release|Any CPU = Release|Any CPU
	EndGlobalSection
	GlobalSection(ProjectConfigurationPlatforms) = postSolution
		{A05AA937-DB84-4AC9-8B28-2590A0925098}.Debug|Any CPU.ActiveCfg = Debug|Any CPU
		{A05AA937-DB84-4AC9-8B28-2590A0925098}.Debug|Any CPU.Build.0 = Debug|Any CPU
		{A05AA937-DB84-4AC9-8B28-2590A0925098}.Release|Any CPU.ActiveCfg = Release|Any CPU
		{A05AA937-DB84-4AC9-8B28-2590A0925098}.Release|Any CPU.Build.0 = Release|Any CPU
	EndGlobalSection
	GlobalSection(SolutionProperties) = preSolution
		HideSolutionNode = FALSE
	EndGlobalSection
	GlobalSection(ExtensibilityGlobals) = postSolution
		SolutionGuid = {1DBC4A49-3120-4F52-A671-01A3DA4D6656}
	EndGlobalSection
EndGlobal
