
Microsoft Visual Studio Solution File, Format Version 12.00
# Visual Studio Version 17
VisualStudioVersion = 17.5.33530.505
MinimumVisualStudioVersion = 10.0.40219.1
Project("{FAE04EC0-301F-11D3-BF4B-00C04F79EFBC}") = "Question6", "Question6.csproj", "{2754953C-877A-466C-ACD7-DFB07FF6A06F}"
EndProject
Global
	GlobalSection(SolutionConfigurationPlatforms) = preSolution
		Debug|Any CPU = Debug|Any CPU
		Release|Any CPU = Release|Any CPU
	EndGlobalSection
	GlobalSection(ProjectConfigurationPlatforms) = postSolution
		{2754953C-877A-466C-ACD7-DFB07FF6A06F}.Debug|Any CPU.ActiveCfg = Debug|Any CPU
		{2754953C-877A-466C-ACD7-DFB07FF6A06F}.Debug|Any CPU.Build.0 = Debug|Any CPU
		{2754953C-877A-466C-ACD7-DFB07FF6A06F}.Release|Any CPU.ActiveCfg = Release|Any CPU
		{2754953C-877A-466C-ACD7-DFB07FF6A06F}.Release|Any CPU.Build.0 = Release|Any CPU
	EndGlobalSection
	GlobalSection(SolutionProperties) = preSolution
		HideSolutionNode = FALSE
	EndGlobalSection
	GlobalSection(ExtensibilityGlobals) = postSolution
		SolutionGuid = {16305D59-AF6E-4173-8837-2644914AF0BB}
	EndGlobalSection
EndGlobal
